
Microsoft Visual Studio Solution File, Format Version 11.00
# Visual C++ Express 2010
Project("{8BC9CEB8-8B4A-11D0-8D11-00A0C91BC942}") = "utility test", "utility test.vcxproj", "{D0CF63E5-7AE9-468D-967A-09BA9F8DBF2E}"
EndProject
Global
	GlobalSection(SolutionConfigurationPlatforms) = preSolution
		Debug|Win32 = Debug|Win32
		Release|Win32 = Release|Win32
	EndGlobalSection
	GlobalSection(ProjectConfigurationPlatforms) = postSolution
		{D0CF63E5-7AE9-468D-967A-09BA9F8DBF2E}.Debug|Win32.ActiveCfg = Debug|Win32
		{D0CF63E5-7AE9-468D-967A-09BA9F8DBF2E}.Debug|Win32.Build.0 = Debug|Win32
		{D0CF63E5-7AE9-468D-967A-09BA9F8DBF2E}.Release|Win32.ActiveCfg = Release|Win32
		{D0CF63E5-7AE9-468D-967A-09BA9F8DBF2E}.Release|Win32.Build.0 = Release|Win32
	EndGlobalSection
	GlobalSection(SolutionProperties) = preSolution
		HideSolutionNode = FALSE
	EndGlobalSection
EndGlobal
